
Microsoft Visual Studio Solution File, Format Version 10.00
# Visual Studio 2008
Project("{8BC9CEB8-8B4A-11D0-8D11-00A0C91BC942}") = "pm_dll", "pm_win\pm_dll-VC9.vcproj", "{6573A21B-6AE4-4084-A7AC-2691B611DA45}"
EndProject
Project("{8BC9CEB8-8B4A-11D0-8D11-00A0C91BC942}") = "portmidi", "pm_win\portmidi-VC9.vcproj", "{33E3B196-B9F4-4D0A-85E1-31C7BBD4967A}"
	ProjectSection(ProjectDependencies) = postProject
		{338224B8-D575-408D-BACF-95C557B429BE} = {338224B8-D575-408D-BACF-95C557B429BE}
	EndProjectSection
EndProject
Project("{8BC9CEB8-8B4A-11D0-8D11-00A0C91BC942}") = "porttime", "porttime\porttime-VC9.vcproj", "{338224B8-D575-408D-BACF-95C557B429BE}"
EndProject
Project("{8BC9CEB8-8B4A-11D0-8D11-00A0C91BC942}") = "latency", "pm_test\latency-VC9.vcproj", "{EDC3A027-917B-4D23-AE70-73C409B47F85}"
	ProjectSection(ProjectDependencies) = postProject
		{33E3B196-B9F4-4D0A-85E1-31C7BBD4967A} = {33E3B196-B9F4-4D0A-85E1-31C7BBD4967A}
	EndProjectSection
EndProject
Project("{8BC9CEB8-8B4A-11D0-8D11-00A0C91BC942}") = "midithread", "pm_test\midithread-VC9.vcproj", "{4E555AA6-B348-41C9-A685-0B76149BBBAF}"
	ProjectSection(ProjectDependencies) = postProject
		{33E3B196-B9F4-4D0A-85E1-31C7BBD4967A} = {33E3B196-B9F4-4D0A-85E1-31C7BBD4967A}
	EndProjectSection
EndProject
Project("{8BC9CEB8-8B4A-11D0-8D11-00A0C91BC942}") = "midithru", "pm_test\midithru-VC9.vcproj", "{B4B4240D-7022-4C47-838F-913B4878E938}"
	ProjectSection(ProjectDependencies) = postProject
		{33E3B196-B9F4-4D0A-85E1-31C7BBD4967A} = {33E3B196-B9F4-4D0A-85E1-31C7BBD4967A}
	EndProjectSection
EndProject
Project("{8BC9CEB8-8B4A-11D0-8D11-00A0C91BC942}") = "sysex", "pm_test\sysex-VC9.vcproj", "{300F59F8-5E94-492B-A899-0EB2B1140E20}"
	ProjectSection(ProjectDependencies) = postProject
		{33E3B196-B9F4-4D0A-85E1-31C7BBD4967A} = {33E3B196-B9F4-4D0A-85E1-31C7BBD4967A}
	EndProjectSection
EndProject
Project("{8BC9CEB8-8B4A-11D0-8D11-00A0C91BC942}") = "test", "pm_test\test-VC9.vcproj", "{49FA3196-A8F8-4E22-98C3-F3A5197CD06D}"
	ProjectSection(ProjectDependencies) = postProject
		{33E3B196-B9F4-4D0A-85E1-31C7BBD4967A} = {33E3B196-B9F4-4D0A-85E1-31C7BBD4967A}
	EndProjectSection
EndProject
Project("{8BC9CEB8-8B4A-11D0-8D11-00A0C91BC942}") = "qtest", "pm_test\qtest-VC9.vcproj", "{8C30CCF4-0D5F-4CC0-9EF3-76D491B829DF}"
	ProjectSection(ProjectDependencies) = postProject
		{33E3B196-B9F4-4D0A-85E1-31C7BBD4967A} = {33E3B196-B9F4-4D0A-85E1-31C7BBD4967A}
	EndProjectSection
EndProject
Project("{8BC9CEB8-8B4A-11D0-8D11-00A0C91BC942}") = "mm", "pm_test\mm-VC9.vcproj", "{2FC1D7B8-E434-4D6F-A50D-AB262C825BCD}"
	ProjectSection(ProjectDependencies) = postProject
		{33E3B196-B9F4-4D0A-85E1-31C7BBD4967A} = {33E3B196-B9F4-4D0A-85E1-31C7BBD4967A}
	EndProjectSection
EndProject
Global
	GlobalSection(SolutionConfigurationPlatforms) = preSolution
		Debug DLL VC8|Win32 = Debug DLL VC8|Win32
		Debug latency VC8|Win32 = Debug latency VC8|Win32
		Debug midithread VC8|Win32 = Debug midithread VC8|Win32
		Debug midithru VC8|Win32 = Debug midithru VC8|Win32
		Debug mm VC8|Win32 = Debug mm VC8|Win32
		Debug qtest VC8|Win32 = Debug qtest VC8|Win32
		Debug sysex VC8|Win32 = Debug sysex VC8|Win32
		Debug test VC8|Win32 = Debug test VC8|Win32
		Debug VC8|Win32 = Debug VC8|Win32
		Release DLL VC8|Win32 = Release DLL VC8|Win32
		Release latency VC8|Win32 = Release latency VC8|Win32
		Release midithread VC8|Win32 = Release midithread VC8|Win32
		Release midithru VC8|Win32 = Release midithru VC8|Win32
		Release mm VC8|Win32 = Release mm VC8|Win32
		Release qtest VC8|Win32 = Release qtest VC8|Win32
		Release sysex VC8|Win32 = Release sysex VC8|Win32
		Release test VC8|Win32 = Release test VC8|Win32
		Release VC8|Win32 = Release VC8|Win32
	EndGlobalSection
	GlobalSection(ProjectConfigurationPlatforms) = postSolution
		{6573A21B-6AE4-4084-A7AC-2691B611DA45}.Debug DLL VC8|Win32.ActiveCfg = Debug DLL VC8|Win32
		{6573A21B-6AE4-4084-A7AC-2691B611DA45}.Debug DLL VC8|Win32.Build.0 = Debug DLL VC8|Win32
		{6573A21B-6AE4-4084-A7AC-2691B611DA45}.Debug latency VC8|Win32.ActiveCfg = Debug DLL VC8|Win32
		{6573A21B-6AE4-4084-A7AC-2691B611DA45}.Debug latency VC8|Win32.Build.0 = Debug DLL VC8|Win32
		{6573A21B-6AE4-4084-A7AC-2691B611DA45}.Debug midithread VC8|Win32.ActiveCfg = Debug DLL VC8|Win32
		{6573A21B-6AE4-4084-A7AC-2691B611DA45}.Debug midithread VC8|Win32.Build.0 = Debug DLL VC8|Win32
		{6573A21B-6AE4-4084-A7AC-2691B611DA45}.Debug midithru VC8|Win32.ActiveCfg = Debug DLL VC8|Win32
		{6573A21B-6AE4-4084-A7AC-2691B611DA45}.Debug midithru VC8|Win32.Build.0 = Debug DLL VC8|Win32
		{6573A21B-6AE4-4084-A7AC-2691B611DA45}.Debug mm VC8|Win32.ActiveCfg = Debug DLL VC8|Win32
		{6573A21B-6AE4-4084-A7AC-2691B611DA45}.Debug mm VC8|Win32.Build.0 = Debug DLL VC8|Win32
		{6573A21B-6AE4-4084-A7AC-2691B611DA45}.Debug qtest VC8|Win32.ActiveCfg = Debug DLL VC8|Win32
		{6573A21B-6AE4-4084-A7AC-2691B611DA45}.Debug qtest VC8|Win32.Build.0 = Debug DLL VC8|Win32
		{6573A21B-6AE4-4084-A7AC-2691B611DA45}.Debug sysex VC8|Win32.ActiveCfg = Debug DLL VC8|Win32
		{6573A21B-6AE4-4084-A7AC-2691B611DA45}.Debug sysex VC8|Win32.Build.0 = Debug DLL VC8|Win32
		{6573A21B-6AE4-4084-A7AC-2691B611DA45}.Debug test VC8|Win32.ActiveCfg = Debug DLL VC8|Win32
		{6573A21B-6AE4-4084-A7AC-2691B611DA45}.Debug test VC8|Win32.Build.0 = Debug DLL VC8|Win32
		{6573A21B-6AE4-4084-A7AC-2691B611DA45}.Debug VC8|Win32.ActiveCfg = Debug DLL VC8|Win32
		{6573A21B-6AE4-4084-A7AC-2691B611DA45}.Debug VC8|Win32.Build.0 = Debug DLL VC8|Win32
		{6573A21B-6AE4-4084-A7AC-2691B611DA45}.Release DLL VC8|Win32.ActiveCfg = Release DLL VC8|Win32
		{6573A21B-6AE4-4084-A7AC-2691B611DA45}.Release DLL VC8|Win32.Build.0 = Release DLL VC8|Win32
		{6573A21B-6AE4-4084-A7AC-2691B611DA45}.Release latency VC8|Win32.ActiveCfg = Release DLL VC8|Win32
		{6573A21B-6AE4-4084-A7AC-2691B611DA45}.Release latency VC8|Win32.Build.0 = Release DLL VC8|Win32
		{6573A21B-6AE4-4084-A7AC-2691B611DA45}.Release midithread VC8|Win32.ActiveCfg = Release DLL VC8|Win32
		{6573A21B-6AE4-4084-A7AC-2691B611DA45}.Release midithread VC8|Win32.Build.0 = Release DLL VC8|Win32
		{6573A21B-6AE4-4084-A7AC-2691B611DA45}.Release midithru VC8|Win32.ActiveCfg = Release DLL VC8|Win32
		{6573A21B-6AE4-4084-A7AC-2691B611DA45}.Release midithru VC8|Win32.Build.0 = Release DLL VC8|Win32
		{6573A21B-6AE4-4084-A7AC-2691B611DA45}.Release mm VC8|Win32.ActiveCfg = Release DLL VC8|Win32
		{6573A21B-6AE4-4084-A7AC-2691B611DA45}.Release mm VC8|Win32.Build.0 = Release DLL VC8|Win32
		{6573A21B-6AE4-4084-A7AC-2691B611DA45}.Release qtest VC8|Win32.ActiveCfg = Release DLL VC8|Win32
		{6573A21B-6AE4-4084-A7AC-2691B611DA45}.Release qtest VC8|Win32.Build.0 = Release DLL VC8|Win32
		{6573A21B-6AE4-4084-A7AC-2691B611DA45}.Release sysex VC8|Win32.ActiveCfg = Release DLL VC8|Win32
		{6573A21B-6AE4-4084-A7AC-2691B611DA45}.Release sysex VC8|Win32.Build.0 = Release DLL VC8|Win32
		{6573A21B-6AE4-4084-A7AC-2691B611DA45}.Release test VC8|Win32.ActiveCfg = Release DLL VC8|Win32
		{6573A21B-6AE4-4084-A7AC-2691B611DA45}.Release test VC8|Win32.Build.0 = Release DLL VC8|Win32
		{6573A21B-6AE4-4084-A7AC-2691B611DA45}.Release VC8|Win32.ActiveCfg = Release DLL VC8|Win32
		{6573A21B-6AE4-4084-A7AC-2691B611DA45}.Release VC8|Win32.Build.0 = Release DLL VC8|Win32
		{33E3B196-B9F4-4D0A-85E1-31C7BBD4967A}.Debug DLL VC8|Win32.ActiveCfg = Debug VC8|Win32
		{33E3B196-B9F4-4D0A-85E1-31C7BBD4967A}.Debug DLL VC8|Win32.Build.0 = Debug VC8|Win32
		{33E3B196-B9F4-4D0A-85E1-31C7BBD4967A}.Debug latency VC8|Win32.ActiveCfg = Debug VC8|Win32
		{33E3B196-B9F4-4D0A-85E1-31C7BBD4967A}.Debug latency VC8|Win32.Build.0 = Debug VC8|Win32
		{33E3B196-B9F4-4D0A-85E1-31C7BBD4967A}.Debug midithread VC8|Win32.ActiveCfg = Debug VC8|Win32
		{33E3B196-B9F4-4D0A-85E1-31C7BBD4967A}.Debug midithread VC8|Win32.Build.0 = Debug VC8|Win32
		{33E3B196-B9F4-4D0A-85E1-31C7BBD4967A}.Debug midithru VC8|Win32.ActiveCfg = Debug VC8|Win32
		{33E3B196-B9F4-4D0A-85E1-31C7BBD4967A}.Debug midithru VC8|Win32.Build.0 = Debug VC8|Win32
		{33E3B196-B9F4-4D0A-85E1-31C7BBD4967A}.Debug mm VC8|Win32.ActiveCfg = Debug VC8|Win32
		{33E3B196-B9F4-4D0A-85E1-31C7BBD4967A}.Debug mm VC8|Win32.Build.0 = Debug VC8|Win32
		{33E3B196-B9F4-4D0A-85E1-31C7BBD4967A}.Debug qtest VC8|Win32.ActiveCfg = Debug VC8|Win32
		{33E3B196-B9F4-4D0A-85E1-31C7BBD4967A}.Debug qtest VC8|Win32.Build.0 = Debug VC8|Win32
		{33E3B196-B9F4-4D0A-85E1-31C7BBD4967A}.Debug sysex VC8|Win32.ActiveCfg = Debug VC8|Win32
		{33E3B196-B9F4-4D0A-85E1-31C7BBD4967A}.Debug sysex VC8|Win32.Build.0 = Debug VC8|Win32
		{33E3B196-B9F4-4D0A-85E1-31C7BBD4967A}.Debug test VC8|Win32.ActiveCfg = Debug VC8|Win32
		{33E3B196-B9F4-4D0A-85E1-31C7BBD4967A}.Debug test VC8|Win32.Build.0 = Debug VC8|Win32
		{33E3B196-B9F4-4D0A-85E1-31C7BBD4967A}.Debug VC8|Win32.ActiveCfg = Debug VC8|Win32
		{33E3B196-B9F4-4D0A-85E1-31C7BBD4967A}.Debug VC8|Win32.Build.0 = Debug VC8|Win32
		{33E3B196-B9F4-4D0A-85E1-31C7BBD4967A}.Release DLL VC8|Win32.ActiveCfg = Release VC8|Win32
		{33E3B196-B9F4-4D0A-85E1-31C7BBD4967A}.Release DLL VC8|Win32.Build.0 = Release VC8|Win32
		{33E3B196-B9F4-4D0A-85E1-31C7BBD4967A}.Release latency VC8|Win32.ActiveCfg = Release VC8|Win32
		{33E3B196-B9F4-4D0A-85E1-31C7BBD4967A}.Release latency VC8|Win32.Build.0 = Release VC8|Win32
		{33E3B196-B9F4-4D0A-85E1-31C7BBD4967A}.Release midithread VC8|Win32.ActiveCfg = Release VC8|Win32
		{33E3B196-B9F4-4D0A-85E1-31C7BBD4967A}.Release midithread VC8|Win32.Build.0 = Release VC8|Win32
		{33E3B196-B9F4-4D0A-85E1-31C7BBD4967A}.Release midithru VC8|Win32.ActiveCfg = Release VC8|Win32
		{33E3B196-B9F4-4D0A-85E1-31C7BBD4967A}.Release midithru VC8|Win32.Build.0 = Release VC8|Win32
		{33E3B196-B9F4-4D0A-85E1-31C7BBD4967A}.Release mm VC8|Win32.ActiveCfg = Release VC8|Win32
		{33E3B196-B9F4-4D0A-85E1-31C7BBD4967A}.Release mm VC8|Win32.Build.0 = Release VC8|Win32
		{33E3B196-B9F4-4D0A-85E1-31C7BBD4967A}.Release qtest VC8|Win32.ActiveCfg = Release VC8|Win32
		{33E3B196-B9F4-4D0A-85E1-31C7BBD4967A}.Release qtest VC8|Win32.Build.0 = Release VC8|Win32
		{33E3B196-B9F4-4D0A-85E1-31C7BBD4967A}.Release sysex VC8|Win32.ActiveCfg = Release VC8|Win32
		{33E3B196-B9F4-4D0A-85E1-31C7BBD4967A}.Release sysex VC8|Win32.Build.0 = Release VC8|Win32
		{33E3B196-B9F4-4D0A-85E1-31C7BBD4967A}.Release test VC8|Win32.ActiveCfg = Release VC8|Win32
		{33E3B196-B9F4-4D0A-85E1-31C7BBD4967A}.Release test VC8|Win32.Build.0 = Release VC8|Win32
		{33E3B196-B9F4-4D0A-85E1-31C7BBD4967A}.Release VC8|Win32.ActiveCfg = Release VC8|Win32
		{33E3B196-B9F4-4D0A-85E1-31C7BBD4967A}.Release VC8|Win32.Build.0 = Release VC8|Win32
		{338224B8-D575-408D-BACF-95C557B429BE}.Debug DLL VC8|Win32.ActiveCfg = Debug VC8|Win32
		{338224B8-D575-408D-BACF-95C557B429BE}.Debug DLL VC8|Win32.Build.0 = Debug VC8|Win32
		{338224B8-D575-408D-BACF-95C557B429BE}.Debug latency VC8|Win32.ActiveCfg = Debug VC8|Win32
		{338224B8-D575-408D-BACF-95C557B429BE}.Debug latency VC8|Win32.Build.0 = Debug VC8|Win32
		{338224B8-D575-408D-BACF-95C557B429BE}.Debug midithread VC8|Win32.ActiveCfg = Debug VC8|Win32
		{338224B8-D575-408D-BACF-95C557B429BE}.Debug midithread VC8|Win32.Build.0 = Debug VC8|Win32
		{338224B8-D575-408D-BACF-95C557B429BE}.Debug midithru VC8|Win32.ActiveCfg = Debug VC8|Win32
		{338224B8-D575-408D-BACF-95C557B429BE}.Debug midithru VC8|Win32.Build.0 = Debug VC8|Win32
		{338224B8-D575-408D-BACF-95C557B429BE}.Debug mm VC8|Win32.ActiveCfg = Debug VC8|Win32
		{338224B8-D575-408D-BACF-95C557B429BE}.Debug mm VC8|Win32.Build.0 = Debug VC8|Win32
		{338224B8-D575-408D-BACF-95C557B429BE}.Debug qtest VC8|Win32.ActiveCfg = Debug VC8|Win32
		{338224B8-D575-408D-BACF-95C557B429BE}.Debug qtest VC8|Win32.Build.0 = Debug VC8|Win32
		{338224B8-D575-408D-BACF-95C557B429BE}.Debug sysex VC8|Win32.ActiveCfg = Debug VC8|Win32
		{338224B8-D575-408D-BACF-95C557B429BE}.Debug sysex VC8|Win32.Build.0 = Debug VC8|Win32
		{338224B8-D575-408D-BACF-95C557B429BE}.Debug test VC8|Win32.ActiveCfg = Debug VC8|Win32
		{338224B8-D575-408D-BACF-95C557B429BE}.Debug test VC8|Win32.Build.0 = Debug VC8|Win32
		{338224B8-D575-408D-BACF-95C557B429BE}.Debug VC8|Win32.ActiveCfg = Debug VC8|Win32
		{338224B8-D575-408D-BACF-95C557B429BE}.Debug VC8|Win32.Build.0 = Debug VC8|Win32
		{338224B8-D575-408D-BACF-95C557B429BE}.Release DLL VC8|Win32.ActiveCfg = Release VC8|Win32
		{338224B8-D575-408D-BACF-95C557B429BE}.Release DLL VC8|Win32.Build.0 = Release VC8|Win32
		{338224B8-D575-408D-BACF-95C557B429BE}.Release latency VC8|Win32.ActiveCfg = Release VC8|Win32
		{338224B8-D575-408D-BACF-95C557B429BE}.Release latency VC8|Win32.Build.0 = Release VC8|Win32
		{338224B8-D575-408D-BACF-95C557B429BE}.Release midithread VC8|Win32.ActiveCfg = Release VC8|Win32
		{338224B8-D575-408D-BACF-95C557B429BE}.Release midithread VC8|Win32.Build.0 = Release VC8|Win32
		{338224B8-D575-408D-BACF-95C557B429BE}.Release midithru VC8|Win32.ActiveCfg = Release VC8|Win32
		{338224B8-D575-408D-BACF-95C557B429BE}.Release midithru VC8|Win32.Build.0 = Release VC8|Win32
		{338224B8-D575-408D-BACF-95C557B429BE}.Release mm VC8|Win32.ActiveCfg = Release VC8|Win32
		{338224B8-D575-408D-BACF-95C557B429BE}.Release mm VC8|Win32.Build.0 = Release VC8|Win32
		{338224B8-D575-408D-BACF-95C557B429BE}.Release qtest VC8|Win32.ActiveCfg = Release VC8|Win32
		{338224B8-D575-408D-BACF-95C557B429BE}.Release qtest VC8|Win32.Build.0 = Release VC8|Win32
		{338224B8-D575-408D-BACF-95C557B429BE}.Release sysex VC8|Win32.ActiveCfg = Release VC8|Win32
		{338224B8-D575-408D-BACF-95C557B429BE}.Release sysex VC8|Win32.Build.0 = Release VC8|Win32
		{338224B8-D575-408D-BACF-95C557B429BE}.Release test VC8|Win32.ActiveCfg = Release VC8|Win32
		{338224B8-D575-408D-BACF-95C557B429BE}.Release test VC8|Win32.Build.0 = Release VC8|Win32
		{338224B8-D575-408D-BACF-95C557B429BE}.Release VC8|Win32.ActiveCfg = Release VC8|Win32
		{338224B8-D575-408D-BACF-95C557B429BE}.Release VC8|Win32.Build.0 = Release VC8|Win32
		{EDC3A027-917B-4D23-AE70-73C409B47F85}.Debug DLL VC8|Win32.ActiveCfg = Debug latency VC8|Win32
		{EDC3A027-917B-4D23-AE70-73C409B47F85}.Debug DLL VC8|Win32.Build.0 = Debug latency VC8|Win32
		{EDC3A027-917B-4D23-AE70-73C409B47F85}.Debug latency VC8|Win32.ActiveCfg = Debug latency VC8|Win32
		{EDC3A027-917B-4D23-AE70-73C409B47F85}.Debug latency VC8|Win32.Build.0 = Debug latency VC8|Win32
		{EDC3A027-917B-4D23-AE70-73C409B47F85}.Debug midithread VC8|Win32.ActiveCfg = Debug latency VC8|Win32
		{EDC3A027-917B-4D23-AE70-73C409B47F85}.Debug midithread VC8|Win32.Build.0 = Debug latency VC8|Win32
		{EDC3A027-917B-4D23-AE70-73C409B47F85}.Debug midithru VC8|Win32.ActiveCfg = Debug latency VC8|Win32
		{EDC3A027-917B-4D23-AE70-73C409B47F85}.Debug midithru VC8|Win32.Build.0 = Debug latency VC8|Win32
		{EDC3A027-917B-4D23-AE70-73C409B47F85}.Debug mm VC8|Win32.ActiveCfg = Debug latency VC8|Win32
		{EDC3A027-917B-4D23-AE70-73C409B47F85}.Debug mm VC8|Win32.Build.0 = Debug latency VC8|Win32
		{EDC3A027-917B-4D23-AE70-73C409B47F85}.Debug qtest VC8|Win32.ActiveCfg = Debug latency VC8|Win32
		{EDC3A027-917B-4D23-AE70-73C409B47F85}.Debug qtest VC8|Win32.Build.0 = Debug latency VC8|Win32
		{EDC3A027-917B-4D23-AE70-73C409B47F85}.Debug sysex VC8|Win32.ActiveCfg = Debug latency VC8|Win32
		{EDC3A027-917B-4D23-AE70-73C409B47F85}.Debug sysex VC8|Win32.Build.0 = Debug latency VC8|Win32
		{EDC3A027-917B-4D23-AE70-73C409B47F85}.Debug test VC8|Win32.ActiveCfg = Debug latency VC8|Win32
		{EDC3A027-917B-4D23-AE70-73C409B47F85}.Debug test VC8|Win32.Build.0 = Debug latency VC8|Win32
		{EDC3A027-917B-4D23-AE70-73C409B47F85}.Debug VC8|Win32.ActiveCfg = Debug latency VC8|Win32
		{EDC3A027-917B-4D23-AE70-73C409B47F85}.Debug VC8|Win32.Build.0 = Debug latency VC8|Win32
		{EDC3A027-917B-4D23-AE70-73C409B47F85}.Release DLL VC8|Win32.ActiveCfg = Release latency VC8|Win32
		{EDC3A027-917B-4D23-AE70-73C409B47F85}.Release DLL VC8|Win32.Build.0 = Release latency VC8|Win32
		{EDC3A027-917B-4D23-AE70-73C409B47F85}.Release latency VC8|Win32.ActiveCfg = Release latency VC8|Win32
		{EDC3A027-917B-4D23-AE70-73C409B47F85}.Release latency VC8|Win32.Build.0 = Release latency VC8|Win32
		{EDC3A027-917B-4D23-AE70-73C409B47F85}.Release midithread VC8|Win32.ActiveCfg = Release latency VC8|Win32
		{EDC3A027-917B-4D23-AE70-73C409B47F85}.Release midithread VC8|Win32.Build.0 = Release latency VC8|Win32
		{EDC3A027-917B-4D23-AE70-73C409B47F85}.Release midithru VC8|Win32.ActiveCfg = Release latency VC8|Win32
		{EDC3A027-917B-4D23-AE70-73C409B47F85}.Release midithru VC8|Win32.Build.0 = Release latency VC8|Win32
		{EDC3A027-917B-4D23-AE70-73C409B47F85}.Release mm VC8|Win32.ActiveCfg = Release latency VC8|Win32
		{EDC3A027-917B-4D23-AE70-73C409B47F85}.Release mm VC8|Win32.Build.0 = Release latency VC8|Win32
		{EDC3A027-917B-4D23-AE70-73C409B47F85}.Release qtest VC8|Win32.ActiveCfg = Release latency VC8|Win32
		{EDC3A027-917B-4D23-AE70-73C409B47F85}.Release qtest VC8|Win32.Build.0 = Release latency VC8|Win32
		{EDC3A027-917B-4D23-AE70-73C409B47F85}.Release sysex VC8|Win32.ActiveCfg = Release latency VC8|Win32
		{EDC3A027-917B-4D23-AE70-73C409B47F85}.Release sysex VC8|Win32.Build.0 = Release latency VC8|Win32
		{EDC3A027-917B-4D23-AE70-73C409B47F85}.Release test VC8|Win32.ActiveCfg = Release latency VC8|Win32
		{EDC3A027-917B-4D23-AE70-73C409B47F85}.Release test VC8|Win32.Build.0 = Release latency VC8|Win32
		{EDC3A027-917B-4D23-AE70-73C409B47F85}.Release VC8|Win32.ActiveCfg = Release latency VC8|Win32
		{EDC3A027-917B-4D23-AE70-73C409B47F85}.Release VC8|Win32.Build.0 = Release latency VC8|Win32
		{4E555AA6-B348-41C9-A685-0B76149BBBAF}.Debug DLL VC8|Win32.ActiveCfg = Debug midithread VC8|Win32
		{4E555AA6-B348-41C9-A685-0B76149BBBAF}.Debug DLL VC8|Win32.Build.0 = Debug midithread VC8|Win32
		{4E555AA6-B348-41C9-A685-0B76149BBBAF}.Debug latency VC8|Win32.ActiveCfg = Debug midithread VC8|Win32
		{4E555AA6-B348-41C9-A685-0B76149BBBAF}.Debug latency VC8|Win32.Build.0 = Debug midithread VC8|Win32
		{4E555AA6-B348-41C9-A685-0B76149BBBAF}.Debug midithread VC8|Win32.ActiveCfg = Debug midithread VC8|Win32
		{4E555AA6-B348-41C9-A685-0B76149BBBAF}.Debug midithread VC8|Win32.Build.0 = Debug midithread VC8|Win32
		{4E555AA6-B348-41C9-A685-0B76149BBBAF}.Debug midithru VC8|Win32.ActiveCfg = Debug midithread VC8|Win32
		{4E555AA6-B348-41C9-A685-0B76149BBBAF}.Debug midithru VC8|Win32.Build.0 = Debug midithread VC8|Win32
		{4E555AA6-B348-41C9-A685-0B76149BBBAF}.Debug mm VC8|Win32.ActiveCfg = Debug midithread VC8|Win32
		{4E555AA6-B348-41C9-A685-0B76149BBBAF}.Debug mm VC8|Win32.Build.0 = Debug midithread VC8|Win32
		{4E555AA6-B348-41C9-A685-0B76149BBBAF}.Debug qtest VC8|Win32.ActiveCfg = Debug midithread VC8|Win32
		{4E555AA6-B348-41C9-A685-0B76149BBBAF}.Debug qtest VC8|Win32.Build.0 = Debug midithread VC8|Win32
		{4E555AA6-B348-41C9-A685-0B76149BBBAF}.Debug sysex VC8|Win32.ActiveCfg = Debug midithread VC8|Win32
		{4E555AA6-B348-41C9-A685-0B76149BBBAF}.Debug sysex VC8|Win32.Build.0 = Debug midithread VC8|Win32
		{4E555AA6-B348-41C9-A685-0B76149BBBAF}.Debug test VC8|Win32.ActiveCfg = Debug midithread VC8|Win32
		{4E555AA6-B348-41C9-A685-0B76149BBBAF}.Debug test VC8|Win32.Build.0 = Debug midithread VC8|Win32
		{4E555AA6-B348-41C9-A685-0B76149BBBAF}.Debug VC8|Win32.ActiveCfg = Debug midithread VC8|Win32
		{4E555AA6-B348-41C9-A685-0B76149BBBAF}.Debug VC8|Win32.Build.0 = Debug midithread VC8|Win32
		{4E555AA6-B348-41C9-A685-0B76149BBBAF}.Release DLL VC8|Win32.ActiveCfg = Release midithread VC8|Win32
		{4E555AA6-B348-41C9-A685-0B76149BBBAF}.Release DLL VC8|Win32.Build.0 = Release midithread VC8|Win32
		{4E555AA6-B348-41C9-A685-0B76149BBBAF}.Release latency VC8|Win32.ActiveCfg = Release midithread VC8|Win32
		{4E555AA6-B348-41C9-A685-0B76149BBBAF}.Release latency VC8|Win32.Build.0 = Release midithread VC8|Win32
		{4E555AA6-B348-41C9-A685-0B76149BBBAF}.Release midithread VC8|Win32.ActiveCfg = Release midithread VC8|Win32
		{4E555AA6-B348-41C9-A685-0B76149BBBAF}.Release midithread VC8|Win32.Build.0 = Release midithread VC8|Win32
		{4E555AA6-B348-41C9-A685-0B76149BBBAF}.Release midithru VC8|Win32.ActiveCfg = Release midithread VC8|Win32
		{4E555AA6-B348-41C9-A685-0B76149BBBAF}.Release midithru VC8|Win32.Build.0 = Release midithread VC8|Win32
		{4E555AA6-B348-41C9-A685-0B76149BBBAF}.Release mm VC8|Win32.ActiveCfg = Release midithread VC8|Win32
		{4E555AA6-B348-41C9-A685-0B76149BBBAF}.Release mm VC8|Win32.Build.0 = Release midithread VC8|Win32
		{4E555AA6-B348-41C9-A685-0B76149BBBAF}.Release qtest VC8|Win32.ActiveCfg = Release midithread VC8|Win32
		{4E555AA6-B348-41C9-A685-0B76149BBBAF}.Release qtest VC8|Win32.Build.0 = Release midithread VC8|Win32
		{4E555AA6-B348-41C9-A685-0B76149BBBAF}.Release sysex VC8|Win32.ActiveCfg = Release midithread VC8|Win32
		{4E555AA6-B348-41C9-A685-0B76149BBBAF}.Release sysex VC8|Win32.Build.0 = Release midithread VC8|Win32
		{4E555AA6-B348-41C9-A685-0B76149BBBAF}.Release test VC8|Win32.ActiveCfg = Release midithread VC8|Win32
		{4E555AA6-B348-41C9-A685-0B76149BBBAF}.Release test VC8|Win32.Build.0 = Release midithread VC8|Win32
		{4E555AA6-B348-41C9-A685-0B76149BBBAF}.Release VC8|Win32.ActiveCfg = Release midithread VC8|Win32
		{4E555AA6-B348-41C9-A685-0B76149BBBAF}.Release VC8|Win32.Build.0 = Release midithread VC8|Win32
		{B4B4240D-7022-4C47-838F-913B4878E938}.Debug DLL VC8|Win32.ActiveCfg = Debug midithru VC8|Win32
		{B4B4240D-7022-4C47-838F-913B4878E938}.Debug DLL VC8|Win32.Build.0 = Debug midithru VC8|Win32
		{B4B4240D-7022-4C47-838F-913B4878E938}.Debug latency VC8|Win32.ActiveCfg = Debug midithru VC8|Win32
		{B4B4240D-7022-4C47-838F-913B4878E938}.Debug latency VC8|Win32.Build.0 = Debug midithru VC8|Win32
		{B4B4240D-7022-4C47-838F-913B4878E938}.Debug midithread VC8|Win32.ActiveCfg = Debug midithru VC8|Win32
		{B4B4240D-7022-4C47-838F-913B4878E938}.Debug midithread VC8|Win32.Build.0 = Debug midithru VC8|Win32
		{B4B4240D-7022-4C47-838F-913B4878E938}.Debug midithru VC8|Win32.ActiveCfg = Debug midithru VC8|Win32
		{B4B4240D-7022-4C47-838F-913B4878E938}.Debug midithru VC8|Win32.Build.0 = Debug midithru VC8|Win32
		{B4B4240D-7022-4C47-838F-913B4878E938}.Debug mm VC8|Win32.ActiveCfg = Debug midithru VC8|Win32
		{B4B4240D-7022-4C47-838F-913B4878E938}.Debug mm VC8|Win32.Build.0 = Debug midithru VC8|Win32
		{B4B4240D-7022-4C47-838F-913B4878E938}.Debug qtest VC8|Win32.ActiveCfg = Debug midithru VC8|Win32
		{B4B4240D-7022-4C47-838F-913B4878E938}.Debug qtest VC8|Win32.Build.0 = Debug midithru VC8|Win32
		{B4B4240D-7022-4C47-838F-913B4878E938}.Debug sysex VC8|Win32.ActiveCfg = Debug midithru VC8|Win32
		{B4B4240D-7022-4C47-838F-913B4878E938}.Debug sysex VC8|Win32.Build.0 = Debug midithru VC8|Win32
		{B4B4240D-7022-4C47-838F-913B4878E938}.Debug test VC8|Win32.ActiveCfg = Debug midithru VC8|Win32
		{B4B4240D-7022-4C47-838F-913B4878E938}.Debug test VC8|Win32.Build.0 = Debug midithru VC8|Win32
		{B4B4240D-7022-4C47-838F-913B4878E938}.Debug VC8|Win32.ActiveCfg = Debug midithru VC8|Win32
		{B4B4240D-7022-4C47-838F-913B4878E938}.Debug VC8|Win32.Build.0 = Debug midithru VC8|Win32
		{B4B4240D-7022-4C47-838F-913B4878E938}.Release DLL VC8|Win32.ActiveCfg = Release midithru VC8|Win32
		{B4B4240D-7022-4C47-838F-913B4878E938}.Release DLL VC8|Win32.Build.0 = Release midithru VC8|Win32
		{B4B4240D-7022-4C47-838F-913B4878E938}.Release latency VC8|Win32.ActiveCfg = Release midithru VC8|Win32
		{B4B4240D-7022-4C47-838F-913B4878E938}.Release latency VC8|Win32.Build.0 = Release midithru VC8|Win32
		{B4B4240D-7022-4C47-838F-913B4878E938}.Release midithread VC8|Win32.ActiveCfg = Release midithru VC8|Win32
		{B4B4240D-7022-4C47-838F-913B4878E938}.Release midithread VC8|Win32.Build.0 = Release midithru VC8|Win32
		{B4B4240D-7022-4C47-838F-913B4878E938}.Release midithru VC8|Win32.ActiveCfg = Release midithru VC8|Win32
		{B4B4240D-7022-4C47-838F-913B4878E938}.Release midithru VC8|Win32.Build.0 = Release midithru VC8|Win32
		{B4B4240D-7022-4C47-838F-913B4878E938}.Release mm VC8|Win32.ActiveCfg = Release midithru VC8|Win32
		{B4B4240D-7022-4C47-838F-913B4878E938}.Release mm VC8|Win32.Build.0 = Release midithru VC8|Win32
		{B4B4240D-7022-4C47-838F-913B4878E938}.Release qtest VC8|Win32.ActiveCfg = Release midithru VC8|Win32
		{B4B4240D-7022-4C47-838F-913B4878E938}.Release qtest VC8|Win32.Build.0 = Release midithru VC8|Win32
		{B4B4240D-7022-4C47-838F-913B4878E938}.Release sysex VC8|Win32.ActiveCfg = Release midithru VC8|Win32
		{B4B4240D-7022-4C47-838F-913B4878E938}.Release sysex VC8|Win32.Build.0 = Release midithru VC8|Win32
		{B4B4240D-7022-4C47-838F-913B4878E938}.Release test VC8|Win32.ActiveCfg = Release midithru VC8|Win32
		{B4B4240D-7022-4C47-838F-913B4878E938}.Release test VC8|Win32.Build.0 = Release midithru VC8|Win32
		{B4B4240D-7022-4C47-838F-913B4878E938}.Release VC8|Win32.ActiveCfg = Release midithru VC8|Win32
		{B4B4240D-7022-4C47-838F-913B4878E938}.Release VC8|Win32.Build.0 = Release midithru VC8|Win32
		{300F59F8-5E94-492B-A899-0EB2B1140E20}.Debug DLL VC8|Win32.ActiveCfg = Debug sysex VC8|Win32
		{300F59F8-5E94-492B-A899-0EB2B1140E20}.Debug DLL VC8|Win32.Build.0 = Debug sysex VC8|Win32
		{300F59F8-5E94-492B-A899-0EB2B1140E20}.Debug latency VC8|Win32.ActiveCfg = Debug sysex VC8|Win32
		{300F59F8-5E94-492B-A899-0EB2B1140E20}.Debug latency VC8|Win32.Build.0 = Debug sysex VC8|Win32
		{300F59F8-5E94-492B-A899-0EB2B1140E20}.Debug midithread VC8|Win32.ActiveCfg = Debug sysex VC8|Win32
		{300F59F8-5E94-492B-A899-0EB2B1140E20}.Debug midithread VC8|Win32.Build.0 = Debug sysex VC8|Win32
		{300F59F8-5E94-492B-A899-0EB2B1140E20}.Debug midithru VC8|Win32.ActiveCfg = Debug sysex VC8|Win32
		{300F59F8-5E94-492B-A899-0EB2B1140E20}.Debug midithru VC8|Win32.Build.0 = Debug sysex VC8|Win32
		{300F59F8-5E94-492B-A899-0EB2B1140E20}.Debug mm VC8|Win32.ActiveCfg = Debug sysex VC8|Win32
		{300F59F8-5E94-492B-A899-0EB2B1140E20}.Debug mm VC8|Win32.Build.0 = Debug sysex VC8|Win32
		{300F59F8-5E94-492B-A899-0EB2B1140E20}.Debug qtest VC8|Win32.ActiveCfg = Debug sysex VC8|Win32
		{300F59F8-5E94-492B-A899-0EB2B1140E20}.Debug qtest VC8|Win32.Build.0 = Debug sysex VC8|Win32
		{300F59F8-5E94-492B-A899-0EB2B1140E20}.Debug sysex VC8|Win32.ActiveCfg = Debug sysex VC8|Win32
		{300F59F8-5E94-492B-A899-0EB2B1140E20}.Debug sysex VC8|Win32.Build.0 = Debug sysex VC8|Win32
		{300F59F8-5E94-492B-A899-0EB2B1140E20}.Debug test VC8|Win32.ActiveCfg = Debug sysex VC8|Win32
		{300F59F8-5E94-492B-A899-0EB2B1140E20}.Debug test VC8|Win32.Build.0 = Debug sysex VC8|Win32
		{300F59F8-5E94-492B-A899-0EB2B1140E20}.Debug VC8|Win32.ActiveCfg = Debug sysex VC8|Win32
		{300F59F8-5E94-492B-A899-0EB2B1140E20}.Debug VC8|Win32.Build.0 = Debug sysex VC8|Win32
		{300F59F8-5E94-492B-A899-0EB2B1140E20}.Release DLL VC8|Win32.ActiveCfg = Release sysex VC8|Win32
		{300F59F8-5E94-492B-A899-0EB2B1140E20}.Release DLL VC8|Win32.Build.0 = Release sysex VC8|Win32
		{300F59F8-5E94-492B-A899-0EB2B1140E20}.Release latency VC8|Win32.ActiveCfg = Release sysex VC8|Win32
		{300F59F8-5E94-492B-A899-0EB2B1140E20}.Release latency VC8|Win32.Build.0 = Release sysex VC8|Win32
		{300F59F8-5E94-492B-A899-0EB2B1140E20}.Release midithread VC8|Win32.ActiveCfg = Release sysex VC8|Win32
		{300F59F8-5E94-492B-A899-0EB2B1140E20}.Release midithread VC8|Win32.Build.0 = Release sysex VC8|Win32
		{300F59F8-5E94-492B-A899-0EB2B1140E20}.Release midithru VC8|Win32.ActiveCfg = Release sysex VC8|Win32
		{300F59F8-5E94-492B-A899-0EB2B1140E20}.Release midithru VC8|Win32.Build.0 = Release sysex VC8|Win32
		{300F59F8-5E94-492B-A899-0EB2B1140E20}.Release mm VC8|Win32.ActiveCfg = Release sysex VC8|Win32
		{300F59F8-5E94-492B-A899-0EB2B1140E20}.Release mm VC8|Win32.Build.0 = Release sysex VC8|Win32
		{300F59F8-5E94-492B-A899-0EB2B1140E20}.Release qtest VC8|Win32.ActiveCfg = Release sysex VC8|Win32
		{300F59F8-5E94-492B-A899-0EB2B1140E20}.Release qtest VC8|Win32.Build.0 = Release sysex VC8|Win32
		{300F59F8-5E94-492B-A899-0EB2B1140E20}.Release sysex VC8|Win32.ActiveCfg = Release sysex VC8|Win32
		{300F59F8-5E94-492B-A899-0EB2B1140E20}.Release sysex VC8|Win32.Build.0 = Release sysex VC8|Win32
		{300F59F8-5E94-492B-A899-0EB2B1140E20}.Release test VC8|Win32.ActiveCfg = Release sysex VC8|Win32
		{300F59F8-5E94-492B-A899-0EB2B1140E20}.Release test VC8|Win32.Build.0 = Release sysex VC8|Win32
		{300F59F8-5E94-492B-A899-0EB2B1140E20}.Release VC8|Win32.ActiveCfg = Release sysex VC8|Win32
		{300F59F8-5E94-492B-A899-0EB2B1140E20}.Release VC8|Win32.Build.0 = Release sysex VC8|Win32
		{49FA3196-A8F8-4E22-98C3-F3A5197CD06D}.Debug DLL VC8|Win32.ActiveCfg = Debug test VC8|Win32
		{49FA3196-A8F8-4E22-98C3-F3A5197CD06D}.Debug DLL VC8|Win32.Build.0 = Debug test VC8|Win32
		{49FA3196-A8F8-4E22-98C3-F3A5197CD06D}.Debug latency VC8|Win32.ActiveCfg = Debug test VC8|Win32
		{49FA3196-A8F8-4E22-98C3-F3A5197CD06D}.Debug latency VC8|Win32.Build.0 = Debug test VC8|Win32
		{49FA3196-A8F8-4E22-98C3-F3A5197CD06D}.Debug midithread VC8|Win32.ActiveCfg = Debug test VC8|Win32
		{49FA3196-A8F8-4E22-98C3-F3A5197CD06D}.Debug midithread VC8|Win32.Build.0 = Debug test VC8|Win32
		{49FA3196-A8F8-4E22-98C3-F3A5197CD06D}.Debug midithru VC8|Win32.ActiveCfg = Debug test VC8|Win32
		{49FA3196-A8F8-4E22-98C3-F3A5197CD06D}.Debug midithru VC8|Win32.Build.0 = Debug test VC8|Win32
		{49FA3196-A8F8-4E22-98C3-F3A5197CD06D}.Debug mm VC8|Win32.ActiveCfg = Debug test VC8|Win32
		{49FA3196-A8F8-4E22-98C3-F3A5197CD06D}.Debug mm VC8|Win32.Build.0 = Debug test VC8|Win32
		{49FA3196-A8F8-4E22-98C3-F3A5197CD06D}.Debug qtest VC8|Win32.ActiveCfg = Debug test VC8|Win32
		{49FA3196-A8F8-4E22-98C3-F3A5197CD06D}.Debug qtest VC8|Win32.Build.0 = Debug test VC8|Win32
		{49FA3196-A8F8-4E22-98C3-F3A5197CD06D}.Debug sysex VC8|Win32.ActiveCfg = Debug test VC8|Win32
		{49FA3196-A8F8-4E22-98C3-F3A5197CD06D}.Debug sysex VC8|Win32.Build.0 = Debug test VC8|Win32
		{49FA3196-A8F8-4E22-98C3-F3A5197CD06D}.Debug test VC8|Win32.ActiveCfg = Debug test VC8|Win32
		{49FA3196-A8F8-4E22-98C3-F3A5197CD06D}.Debug test VC8|Win32.Build.0 = Debug test VC8|Win32
		{49FA3196-A8F8-4E22-98C3-F3A5197CD06D}.Debug VC8|Win32.ActiveCfg = Debug test VC8|Win32
		{49FA3196-A8F8-4E22-98C3-F3A5197CD06D}.Debug VC8|Win32.Build.0 = Debug test VC8|Win32
		{49FA3196-A8F8-4E22-98C3-F3A5197CD06D}.Release DLL VC8|Win32.ActiveCfg = Release test VC8|Win32
		{49FA3196-A8F8-4E22-98C3-F3A5197CD06D}.Release DLL VC8|Win32.Build.0 = Release test VC8|Win32
		{49FA3196-A8F8-4E22-98C3-F3A5197CD06D}.Release latency VC8|Win32.ActiveCfg = Release test VC8|Win32
		{49FA3196-A8F8-4E22-98C3-F3A5197CD06D}.Release latency VC8|Win32.Build.0 = Release test VC8|Win32
		{49FA3196-A8F8-4E22-98C3-F3A5197CD06D}.Release midithread VC8|Win32.ActiveCfg = Release test VC8|Win32
		{49FA3196-A8F8-4E22-98C3-F3A5197CD06D}.Release midithread VC8|Win32.Build.0 = Release test VC8|Win32
		{49FA3196-A8F8-4E22-98C3-F3A5197CD06D}.Release midithru VC8|Win32.ActiveCfg = Release test VC8|Win32
		{49FA3196-A8F8-4E22-98C3-F3A5197CD06D}.Release midithru VC8|Win32.Build.0 = Release test VC8|Win32
		{49FA3196-A8F8-4E22-98C3-F3A5197CD06D}.Release mm VC8|Win32.ActiveCfg = Release test VC8|Win32
		{49FA3196-A8F8-4E22-98C3-F3A5197CD06D}.Release mm VC8|Win32.Build.0 = Release test VC8|Win32
		{49FA3196-A8F8-4E22-98C3-F3A5197CD06D}.Release qtest VC8|Win32.ActiveCfg = Release test VC8|Win32
		{49FA3196-A8F8-4E22-98C3-F3A5197CD06D}.Release qtest VC8|Win32.Build.0 = Release test VC8|Win32
		{49FA3196-A8F8-4E22-98C3-F3A5197CD06D}.Release sysex VC8|Win32.ActiveCfg = Release test VC8|Win32
		{49FA3196-A8F8-4E22-98C3-F3A5197CD06D}.Release sysex VC8|Win32.Build.0 = Release test VC8|Win32
		{49FA3196-A8F8-4E22-98C3-F3A5197CD06D}.Release test VC8|Win32.ActiveCfg = Release test VC8|Win32
		{49FA3196-A8F8-4E22-98C3-F3A5197CD06D}.Release test VC8|Win32.Build.0 = Release test VC8|Win32
		{49FA3196-A8F8-4E22-98C3-F3A5197CD06D}.Release VC8|Win32.ActiveCfg = Release test VC8|Win32
		{49FA3196-A8F8-4E22-98C3-F3A5197CD06D}.Release VC8|Win32.Build.0 = Release test VC8|Win32
		{8C30CCF4-0D5F-4CC0-9EF3-76D491B829DF}.Debug DLL VC8|Win32.ActiveCfg = Debug qtest VC8|Win32
		{8C30CCF4-0D5F-4CC0-9EF3-76D491B829DF}.Debug DLL VC8|Win32.Build.0 = Debug qtest VC8|Win32
		{8C30CCF4-0D5F-4CC0-9EF3-76D491B829DF}.Debug latency VC8|Win32.ActiveCfg = Debug qtest VC8|Win32
		{8C30CCF4-0D5F-4CC0-9EF3-76D491B829DF}.Debug latency VC8|Win32.Build.0 = Debug qtest VC8|Win32
		{8C30CCF4-0D5F-4CC0-9EF3-76D491B829DF}.Debug midithread VC8|Win32.ActiveCfg = Debug qtest VC8|Win32
		{8C30CCF4-0D5F-4CC0-9EF3-76D491B829DF}.Debug midithread VC8|Win32.Build.0 = Debug qtest VC8|Win32
		{8C30CCF4-0D5F-4CC0-9EF3-76D491B829DF}.Debug midithru VC8|Win32.ActiveCfg = Debug qtest VC8|Win32
		{8C30CCF4-0D5F-4CC0-9EF3-76D491B829DF}.Debug midithru VC8|Win32.Build.0 = Debug qtest VC8|Win32
		{8C30CCF4-0D5F-4CC0-9EF3-76D491B829DF}.Debug mm VC8|Win32.ActiveCfg = Debug qtest VC8|Win32
		{8C30CCF4-0D5F-4CC0-9EF3-76D491B829DF}.Debug mm VC8|Win32.Build.0 = Debug qtest VC8|Win32
		{8C30CCF4-0D5F-4CC0-9EF3-76D491B829DF}.Debug qtest VC8|Win32.ActiveCfg = Debug qtest VC8|Win32
		{8C30CCF4-0D5F-4CC0-9EF3-76D491B829DF}.Debug qtest VC8|Win32.Build.0 = Debug qtest VC8|Win32
		{8C30CCF4-0D5F-4CC0-9EF3-76D491B829DF}.Debug sysex VC8|Win32.ActiveCfg = Debug qtest VC8|Win32
		{8C30CCF4-0D5F-4CC0-9EF3-76D491B829DF}.Debug sysex VC8|Win32.Build.0 = Debug qtest VC8|Win32
		{8C30CCF4-0D5F-4CC0-9EF3-76D491B829DF}.Debug test VC8|Win32.ActiveCfg = Debug qtest VC8|Win32
		{8C30CCF4-0D5F-4CC0-9EF3-76D491B829DF}.Debug test VC8|Win32.Build.0 = Debug qtest VC8|Win32
		{8C30CCF4-0D5F-4CC0-9EF3-76D491B829DF}.Debug VC8|Win32.ActiveCfg = Debug qtest VC8|Win32
		{8C30CCF4-0D5F-4CC0-9EF3-76D491B829DF}.Debug VC8|Win32.Build.0 = Debug qtest VC8|Win32
		{8C30CCF4-0D5F-4CC0-9EF3-76D491B829DF}.Release DLL VC8|Win32.ActiveCfg = Release qtest VC8|Win32
		{8C30CCF4-0D5F-4CC0-9EF3-76D491B829DF}.Release DLL VC8|Win32.Build.0 = Release qtest VC8|Win32
		{8C30CCF4-0D5F-4CC0-9EF3-76D491B829DF}.Release latency VC8|Win32.ActiveCfg = Release qtest VC8|Win32
		{8C30CCF4-0D5F-4CC0-9EF3-76D491B829DF}.Release latency VC8|Win32.Build.0 = Release qtest VC8|Win32
		{8C30CCF4-0D5F-4CC0-9EF3-76D491B829DF}.Release midithread VC8|Win32.ActiveCfg = Release qtest VC8|Win32
		{8C30CCF4-0D5F-4CC0-9EF3-76D491B829DF}.Release midithread VC8|Win32.Build.0 = Release qtest VC8|Win32
		{8C30CCF4-0D5F-4CC0-9EF3-76D491B829DF}.Release midithru VC8|Win32.ActiveCfg = Release qtest VC8|Win32
		{8C30CCF4-0D5F-4CC0-9EF3-76D491B829DF}.Release midithru VC8|Win32.Build.0 = Release qtest VC8|Win32
		{8C30CCF4-0D5F-4CC0-9EF3-76D491B829DF}.Release mm VC8|Win32.ActiveCfg = Release qtest VC8|Win32
		{8C30CCF4-0D5F-4CC0-9EF3-76D491B829DF}.Release mm VC8|Win32.Build.0 = Release qtest VC8|Win32
		{8C30CCF4-0D5F-4CC0-9EF3-76D491B829DF}.Release qtest VC8|Win32.ActiveCfg = Release qtest VC8|Win32
		{8C30CCF4-0D5F-4CC0-9EF3-76D491B829DF}.Release qtest VC8|Win32.Build.0 = Release qtest VC8|Win32
		{8C30CCF4-0D5F-4CC0-9EF3-76D491B829DF}.Release sysex VC8|Win32.ActiveCfg = Release qtest VC8|Win32
		{8C30CCF4-0D5F-4CC0-9EF3-76D491B829DF}.Release sysex VC8|Win32.Build.0 = Release qtest VC8|Win32
		{8C30CCF4-0D5F-4CC0-9EF3-76D491B829DF}.Release test VC8|Win32.ActiveCfg = Release qtest VC8|Win32
		{8C30CCF4-0D5F-4CC0-9EF3-76D491B829DF}.Release test VC8|Win32.Build.0 = Release qtest VC8|Win32
		{8C30CCF4-0D5F-4CC0-9EF3-76D491B829DF}.Release VC8|Win32.ActiveCfg = Release qtest VC8|Win32
		{8C30CCF4-0D5F-4CC0-9EF3-76D491B829DF}.Release VC8|Win32.Build.0 = Release qtest VC8|Win32
		{2FC1D7B8-E434-4D6F-A50D-AB262C825BCD}.Debug DLL VC8|Win32.ActiveCfg = Debug mm VC8|Win32
		{2FC1D7B8-E434-4D6F-A50D-AB262C825BCD}.Debug DLL VC8|Win32.Build.0 = Debug mm VC8|Win32
		{2FC1D7B8-E434-4D6F-A50D-AB262C825BCD}.Debug latency VC8|Win32.ActiveCfg = Debug mm VC8|Win32
		{2FC1D7B8-E434-4D6F-A50D-AB262C825BCD}.Debug latency VC8|Win32.Build.0 = Debug mm VC8|Win32
		{2FC1D7B8-E434-4D6F-A50D-AB262C825BCD}.Debug midithread VC8|Win32.ActiveCfg = Debug mm VC8|Win32
		{2FC1D7B8-E434-4D6F-A50D-AB262C825BCD}.Debug midithread VC8|Win32.Build.0 = Debug mm VC8|Win32
		{2FC1D7B8-E434-4D6F-A50D-AB262C825BCD}.Debug midithru VC8|Win32.ActiveCfg = Debug mm VC8|Win32
		{2FC1D7B8-E434-4D6F-A50D-AB262C825BCD}.Debug midithru VC8|Win32.Build.0 = Debug mm VC8|Win32
		{2FC1D7B8-E434-4D6F-A50D-AB262C825BCD}.Debug mm VC8|Win32.ActiveCfg = Debug mm VC8|Win32
		{2FC1D7B8-E434-4D6F-A50D-AB262C825BCD}.Debug mm VC8|Win32.Build.0 = Debug mm VC8|Win32
		{2FC1D7B8-E434-4D6F-A50D-AB262C825BCD}.Debug qtest VC8|Win32.ActiveCfg = Debug mm VC8|Win32
		{2FC1D7B8-E434-4D6F-A50D-AB262C825BCD}.Debug qtest VC8|Win32.Build.0 = Debug mm VC8|Win32
		{2FC1D7B8-E434-4D6F-A50D-AB262C825BCD}.Debug sysex VC8|Win32.ActiveCfg = Debug mm VC8|Win32
		{2FC1D7B8-E434-4D6F-A50D-AB262C825BCD}.Debug sysex VC8|Win32.Build.0 = Debug mm VC8|Win32
		{2FC1D7B8-E434-4D6F-A50D-AB262C825BCD}.Debug test VC8|Win32.ActiveCfg = Debug mm VC8|Win32
		{2FC1D7B8-E434-4D6F-A50D-AB262C825BCD}.Debug test VC8|Win32.Build.0 = Debug mm VC8|Win32
		{2FC1D7B8-E434-4D6F-A50D-AB262C825BCD}.Debug VC8|Win32.ActiveCfg = Debug mm VC8|Win32
		{2FC1D7B8-E434-4D6F-A50D-AB262C825BCD}.Debug VC8|Win32.Build.0 = Debug mm VC8|Win32
		{2FC1D7B8-E434-4D6F-A50D-AB262C825BCD}.Release DLL VC8|Win32.ActiveCfg = Release mm VC8|Win32
		{2FC1D7B8-E434-4D6F-A50D-AB262C825BCD}.Release DLL VC8|Win32.Build.0 = Release mm VC8|Win32
		{2FC1D7B8-E434-4D6F-A50D-AB262C825BCD}.Release latency VC8|Win32.ActiveCfg = Release mm VC8|Win32
		{2FC1D7B8-E434-4D6F-A50D-AB262C825BCD}.Release latency VC8|Win32.Build.0 = Release mm VC8|Win32
		{2FC1D7B8-E434-4D6F-A50D-AB262C825BCD}.Release midithread VC8|Win32.ActiveCfg = Release mm VC8|Win32
		{2FC1D7B8-E434-4D6F-A50D-AB262C825BCD}.Release midithread VC8|Win32.Build.0 = Release mm VC8|Win32
		{2FC1D7B8-E434-4D6F-A50D-AB262C825BCD}.Release midithru VC8|Win32.ActiveCfg = Release mm VC8|Win32
		{2FC1D7B8-E434-4D6F-A50D-AB262C825BCD}.Release midithru VC8|Win32.Build.0 = Release mm VC8|Win32
		{2FC1D7B8-E434-4D6F-A50D-AB262C825BCD}.Release mm VC8|Win32.ActiveCfg = Release mm VC8|Win32
		{2FC1D7B8-E434-4D6F-A50D-AB262C825BCD}.Release mm VC8|Win32.Build.0 = Release mm VC8|Win32
		{2FC1D7B8-E434-4D6F-A50D-AB262C825BCD}.Release qtest VC8|Win32.ActiveCfg = Release mm VC8|Win32
		{2FC1D7B8-E434-4D6F-A50D-AB262C825BCD}.Release qtest VC8|Win32.Build.0 = Release mm VC8|Win32
		{2FC1D7B8-E434-4D6F-A50D-AB262C825BCD}.Release sysex VC8|Win32.ActiveCfg = Release mm VC8|Win32
		{2FC1D7B8-E434-4D6F-A50D-AB262C825BCD}.Release sysex VC8|Win32.Build.0 = Release mm VC8|Win32
		{2FC1D7B8-E434-4D6F-A50D-AB262C825BCD}.Release test VC8|Win32.ActiveCfg = Release mm VC8|Win32
		{2FC1D7B8-E434-4D6F-A50D-AB262C825BCD}.Release test VC8|Win32.Build.0 = Release mm VC8|Win32
		{2FC1D7B8-E434-4D6F-A50D-AB262C825BCD}.Release VC8|Win32.ActiveCfg = Release mm VC8|Win32
		{2FC1D7B8-E434-4D6F-A50D-AB262C825BCD}.Release VC8|Win32.Build.0 = Release mm VC8|Win32
	EndGlobalSection
	GlobalSection(SolutionProperties) = preSolution
		HideSolutionNode = FALSE
	EndGlobalSection
EndGlobal
